
Microsoft Visual Studio Solution File, Format Version 12.00
# Visual Studio Version 17
VisualStudioVersion = 17.14.36429.23 d17.14
MinimumVisualStudioVersion = 10.0.40219.1
Project("{FAE04EC0-301F-11D3-BF4B-00C04F79EFBC}") = "Lista2Exe4", "Lista2Exe4\Lista2Exe4.csproj", "{ED259047-7F40-403A-9BDA-249CBE305C2C}"
EndProject
Global
	GlobalSection(SolutionConfigurationPlatforms) = preSolution
		Debug|Any CPU = Debug|Any CPU
		Release|Any CPU = Release|Any CPU
	EndGlobalSection
	GlobalSection(ProjectConfigurationPlatforms) = postSolution
		{ED259047-7F40-403A-9BDA-249CBE305C2C}.Debug|Any CPU.ActiveCfg = Debug|Any CPU
		{ED259047-7F40-403A-9BDA-249CBE305C2C}.Debug|Any CPU.Build.0 = Debug|Any CPU
		{ED259047-7F40-403A-9BDA-249CBE305C2C}.Release|Any CPU.ActiveCfg = Release|Any CPU
		{ED259047-7F40-403A-9BDA-249CBE305C2C}.Release|Any CPU.Build.0 = Release|Any CPU
	EndGlobalSection
	GlobalSection(SolutionProperties) = preSolution
		HideSolutionNode = FALSE
	EndGlobalSection
	GlobalSection(ExtensibilityGlobals) = postSolution
		SolutionGuid = {1BDACDD1-26D0-40C3-AEF2-60D4FF02DBFA}
	EndGlobalSection
EndGlobal
